
Microsoft Visual Studio Solution File, Format Version 12.00
# Visual Studio 2013
Project("{FAE04EC0-301F-11D3-BF4B-00C04F79EFBC}") = "UnityVS.RPG Test Project.CSharp.Plugins", "UnityVS.RPG Test Project.CSharp.Plugins.csproj", "{4491602A-3DAA-6D73-03BC-22A9F706A0F8}"
EndProject
Project("{FAE04EC0-301F-11D3-BF4B-00C04F79EFBC}") = "UnityVS.RPG Test Project.CSharp", "UnityVS.RPG Test Project.CSharp.csproj", "{9F6B2E65-8780-C182-0B64-8862EE27CD05}"
EndProject
Project("{FAE04EC0-301F-11D3-BF4B-00C04F79EFBC}") = "UnityVS.RPG Test Project.CSharp.Editor", "UnityVS.RPG Test Project.CSharp.Editor.csproj", "{7E9FA41D-7929-AFE8-582D-1F9FC06FFF85}"
EndProject
Global
	GlobalSection(SolutionConfigurationPlatforms) = preSolution
		Debug|Any CPU = Debug|Any CPU
		Release|Any CPU = Release|Any CPU
	EndGlobalSection
	GlobalSection(ProjectConfigurationPlatforms) = postSolution
		{4491602A-3DAA-6D73-03BC-22A9F706A0F8}.Debug|Any CPU.ActiveCfg = Debug|Any CPU
		{4491602A-3DAA-6D73-03BC-22A9F706A0F8}.Debug|Any CPU.Build.0 = Debug|Any CPU
		{4491602A-3DAA-6D73-03BC-22A9F706A0F8}.Release|Any CPU.ActiveCfg = Release|Any CPU
		{4491602A-3DAA-6D73-03BC-22A9F706A0F8}.Release|Any CPU.Build.0 = Release|Any CPU
		{9F6B2E65-8780-C182-0B64-8862EE27CD05}.Debug|Any CPU.ActiveCfg = Debug|Any CPU
		{9F6B2E65-8780-C182-0B64-8862EE27CD05}.Debug|Any CPU.Build.0 = Debug|Any CPU
		{9F6B2E65-8780-C182-0B64-8862EE27CD05}.Release|Any CPU.ActiveCfg = Release|Any CPU
		{9F6B2E65-8780-C182-0B64-8862EE27CD05}.Release|Any CPU.Build.0 = Release|Any CPU
		{7E9FA41D-7929-AFE8-582D-1F9FC06FFF85}.Debug|Any CPU.ActiveCfg = Debug|Any CPU
		{7E9FA41D-7929-AFE8-582D-1F9FC06FFF85}.Debug|Any CPU.Build.0 = Debug|Any CPU
		{7E9FA41D-7929-AFE8-582D-1F9FC06FFF85}.Release|Any CPU.ActiveCfg = Release|Any CPU
		{7E9FA41D-7929-AFE8-582D-1F9FC06FFF85}.Release|Any CPU.Build.0 = Release|Any CPU
	EndGlobalSection
	GlobalSection(SolutionProperties) = preSolution
		HideSolutionNode = FALSE
	EndGlobalSection
EndGlobal
